# This file was autogenerated by Stack.
# You should not edit this file by hand.
# For more information, please see the documentation at:
#   https://docs.haskellstack.org/en/stable/topics/lock_files

packages:
- completed:
    hackage: split-0.2.5@sha256:5bc1ae848bfded3087ea3e568908f1b75f56ecde6f02df3fad1a138dd5c783d5,2625
    pantry-tree:
      sha256: 5d28c851a2c98e3d8ac0f01adc58303d775afe39dce23ec953be64ae65d11166
      size: 443
  original:
    hackage: split-0.2.5
- completed:
    hackage: containers-0.7@sha256:e9b5fdcc609159410d408c47e0be13663bb0b4a42a5183b52aa0ac9c99e1dfec,2668
    pantry-tree:
      sha256: 265b0a6110df990b5f9f04d21856333ed5ed66f37a4b0a0215901d831f69629b
      size: 2954
  original:
    hackage: containers-0.7
snapshots: []
